
Microsoft Visual Studio Solution File, Format Version 12.00
# Visual Studio Version 17
VisualStudioVersion = 17.7.34202.233
MinimumVisualStudioVersion = 10.0.40219.1
Project("{FAE04EC0-301F-11D3-BF4B-00C04F79EFBC}") = "Pokemons", "Pokemons\Pokemons.csproj", "{3CA46C35-67B5-47B1-B5FE-5ABBB640FB05}"
EndProject
Project("{FAE04EC0-301F-11D3-BF4B-00C04F79EFBC}") = "negocio", "negocio\negocio.csproj", "{C0588C05-2943-4551-80D4-AB4C43499740}"
EndProject
Project("{FAE04EC0-301F-11D3-BF4B-00C04F79EFBC}") = "dominio", "dominio\dominio.csproj", "{9ED83443-A859-4087-941D-6C30A0EB3714}"
EndProject
Global
	GlobalSection(SolutionConfigurationPlatforms) = preSolution
		Debug|Any CPU = Debug|Any CPU
		Release|Any CPU = Release|Any CPU
	EndGlobalSection
	GlobalSection(ProjectConfigurationPlatforms) = postSolution
		{3CA46C35-67B5-47B1-B5FE-5ABBB640FB05}.Debug|Any CPU.ActiveCfg = Debug|Any CPU
		{3CA46C35-67B5-47B1-B5FE-5ABBB640FB05}.Debug|Any CPU.Build.0 = Debug|Any CPU
		{3CA46C35-67B5-47B1-B5FE-5ABBB640FB05}.Release|Any CPU.ActiveCfg = Release|Any CPU
		{3CA46C35-67B5-47B1-B5FE-5ABBB640FB05}.Release|Any CPU.Build.0 = Release|Any CPU
		{C0588C05-2943-4551-80D4-AB4C43499740}.Debug|Any CPU.ActiveCfg = Debug|Any CPU
		{C0588C05-2943-4551-80D4-AB4C43499740}.Debug|Any CPU.Build.0 = Debug|Any CPU
		{C0588C05-2943-4551-80D4-AB4C43499740}.Release|Any CPU.ActiveCfg = Release|Any CPU
		{C0588C05-2943-4551-80D4-AB4C43499740}.Release|Any CPU.Build.0 = Release|Any CPU
		{9ED83443-A859-4087-941D-6C30A0EB3714}.Debug|Any CPU.ActiveCfg = Debug|Any CPU
		{9ED83443-A859-4087-941D-6C30A0EB3714}.Debug|Any CPU.Build.0 = Debug|Any CPU
		{9ED83443-A859-4087-941D-6C30A0EB3714}.Release|Any CPU.ActiveCfg = Release|Any CPU
		{9ED83443-A859-4087-941D-6C30A0EB3714}.Release|Any CPU.Build.0 = Release|Any CPU
	EndGlobalSection
	GlobalSection(SolutionProperties) = preSolution
		HideSolutionNode = FALSE
	EndGlobalSection
	GlobalSection(ExtensibilityGlobals) = postSolution
		SolutionGuid = {553EBF53-30BF-431B-B764-C1357095B689}
	EndGlobalSection
EndGlobal
